
Microsoft Visual Studio Solution File, Format Version 12.00
# Visual Studio 15
VisualStudioVersion = 15.0.28307.421
MinimumVisualStudioVersion = 10.0.40219.1
Project("{FAE04EC0-301F-11D3-BF4B-00C04F79EFBC}") = "SMS Sender", "SMS Sender\SMS Sender.csproj", "{7C396F96-29AC-4B0F-90AF-95C6F607301A}"
EndProject
Global
	GlobalSection(SolutionConfigurationPlatforms) = preSolution
		Debug|Any CPU = Debug|Any CPU
		Release|Any CPU = Release|Any CPU
	EndGlobalSection
	GlobalSection(ProjectConfigurationPlatforms) = postSolution
		{7C396F96-29AC-4B0F-90AF-95C6F607301A}.Debug|Any CPU.ActiveCfg = Debug|Any CPU
		{7C396F96-29AC-4B0F-90AF-95C6F607301A}.Debug|Any CPU.Build.0 = Debug|Any CPU
		{7C396F96-29AC-4B0F-90AF-95C6F607301A}.Release|Any CPU.ActiveCfg = Release|Any CPU
		{7C396F96-29AC-4B0F-90AF-95C6F607301A}.Release|Any CPU.Build.0 = Release|Any CPU
	EndGlobalSection
	GlobalSection(SolutionProperties) = preSolution
		HideSolutionNode = FALSE
	EndGlobalSection
	GlobalSection(ExtensibilityGlobals) = postSolution
		SolutionGuid = {9F883125-509C-49AF-ACBC-C52AA5CF4699}
	EndGlobalSection
EndGlobal
